
Microsoft Visual Studio Solution File, Format Version 12.00
Project("{FAE04EC0-301F-11D3-BF4B-00C04F79EFBC}") = "DNP Assignment", "DNP Assignment\DNP Assignment.csproj", "{93535E52-A7BA-4AC1-B34E-909B5788FEC5}"
EndProject
Global
	GlobalSection(SolutionConfigurationPlatforms) = preSolution
		Debug|Any CPU = Debug|Any CPU
		Release|Any CPU = Release|Any CPU
	EndGlobalSection
	GlobalSection(ProjectConfigurationPlatforms) = postSolution
		{93535E52-A7BA-4AC1-B34E-909B5788FEC5}.Debug|Any CPU.ActiveCfg = Debug|Any CPU
		{93535E52-A7BA-4AC1-B34E-909B5788FEC5}.Debug|Any CPU.Build.0 = Debug|Any CPU
		{93535E52-A7BA-4AC1-B34E-909B5788FEC5}.Release|Any CPU.ActiveCfg = Release|Any CPU
		{93535E52-A7BA-4AC1-B34E-909B5788FEC5}.Release|Any CPU.Build.0 = Release|Any CPU
	EndGlobalSection
EndGlobal
